
Microsoft Visual Studio Solution File, Format Version 12.00
# Visual Studio 15
VisualStudioVersion = 15.0.27703.2047
MinimumVisualStudioVersion = 10.0.40219.1
Project("{8BC9CEB8-8B4A-11D0-8D11-00A0C91BC942}") = "Project3", "Project3\Project3.vcxproj", "{2F2F122D-4210-462B-9758-6C769E015043}"
EndProject
Global
	GlobalSection(SolutionConfigurationPlatforms) = preSolution
		Debug|x64 = Debug|x64
		Debug|x86 = Debug|x86
		Release|x64 = Release|x64
		Release|x86 = Release|x86
	EndGlobalSection
	GlobalSection(ProjectConfigurationPlatforms) = postSolution
		{2F2F122D-4210-462B-9758-6C769E015043}.Debug|x64.ActiveCfg = Debug|x64
		{2F2F122D-4210-462B-9758-6C769E015043}.Debug|x64.Build.0 = Debug|x64
		{2F2F122D-4210-462B-9758-6C769E015043}.Debug|x86.ActiveCfg = Debug|Win32
		{2F2F122D-4210-462B-9758-6C769E015043}.Debug|x86.Build.0 = Debug|Win32
		{2F2F122D-4210-462B-9758-6C769E015043}.Release|x64.ActiveCfg = Release|x64
		{2F2F122D-4210-462B-9758-6C769E015043}.Release|x64.Build.0 = Release|x64
		{2F2F122D-4210-462B-9758-6C769E015043}.Release|x86.ActiveCfg = Release|Win32
		{2F2F122D-4210-462B-9758-6C769E015043}.Release|x86.Build.0 = Release|Win32
	EndGlobalSection
	GlobalSection(SolutionProperties) = preSolution
		HideSolutionNode = FALSE
	EndGlobalSection
	GlobalSection(ExtensibilityGlobals) = postSolution
		SolutionGuid = {C64302DE-85CB-481E-9AF6-20CF9E2090C8}
	EndGlobalSection
EndGlobal
